lockfileVersion: '9.0'

settings:
  autoInstallPeers: true
  excludeLinksFromLockfile: false

importers:

  .:
    devDependencies:
      '@playwright/test':
        specifier: ^1.58.2
        version: 1.58.2
      pdf-lib:
        specifier: ^1.17.1
        version: 1.17.1

packages:

  '@pdf-lib/standard-fonts@1.0.0':
    resolution: {integrity: sha512-hU30BK9IUN/su0Mn9VdlVKsWBS6GyhVfqjwl1FjZN4TxP6cCw0jP2w7V3Hf5uX7M0AZJ16vey9yE0ny7Sa59ZA==}

  '@pdf-lib/upng@1.0.1':
    resolution: {integrity: sha512-dQK2FUMQtowVP00mtIksrlZhdFXQZPC+taih1q4CvPZ5vqdxR/LKBaFg0oAfzd1GlHZXXSPdQfzQnt+ViGvEIQ==}

  '@playwright/test@1.58.2':
    resolution: {integrity: sha512-akea+6bHYBBfA9uQqSYmlJXn61cTa+jbO87xVLCWbTqbWadRVmhxlXATaOjOgcBaWU4ePo0wB41KMFv3o35IXA==}
    engines: {node: '>=18'}
    hasBin: true

  fsevents@2.3.2:
    resolution: {integrity: sha512-xiqMQR4xAeHTuB9uWm+fFRcIOgKBMiOBP+eXiyT7jsgVCq1bkVygt00oASowB7EdtpOHaaPgKt812P9ab+DDKA==}
    engines: {node: ^8.16.0 || ^10.6.0 || >=11.0.0}
    os: [darwin]

  pako@1.0.11:
    resolution: {integrity: sha512-4hLB8Py4zZce5s4yd9XzopqwVv/yGNhV1Bl8NTmCq1763HeK2+EwVTv+leGeL13Dnh2wfbqowVPXCIO0z4taYw==}

  pdf-lib@1.17.1:
    resolution: {integrity: sha512-V/mpyJAoTsN4cnP31vc0wfNA1+p20evqqnap0KLoRUN0Yk/p3wN52DOEsL4oBFcLdb76hlpKPtzJIgo67j/XLw==}

  playwright-core@1.58.2:
    resolution: {integrity: sha512-yZkEtftgwS8CsfYo7nm0KE8jsvm6i/PTgVtB8DL726wNf6H2IMsDuxCpJj59KDaxCtSnrWan2AeDqM7JBaultg==}
    engines: {node: '>=18'}
    hasBin: true

  playwright@1.58.2:
    resolution: {integrity: sha512-vA30H8Nvkq/cPBnNw4Q8TWz1EJyqgpuinBcHET0YVJVFldr8JDNiU9LaWAE1KqSkRYazuaBhTpB5ZzShOezQ6A==}
    engines: {node: '>=18'}
    hasBin: true

  tslib@1.14.1:
    resolution: {integrity: sha512-Xni35NKzjgMrwevysHTCArtLDpPvye8zV/0E4EyYn43P7/7qvQwPh9BGkHewbMulVntbigmcT7rdX3BNo9wRJg==}

snapshots:

  '@pdf-lib/standard-fonts@1.0.0':
    dependencies:
      pako: 1.0.11

  '@pdf-lib/upng@1.0.1':
    dependencies:
      pako: 1.0.11

  '@playwright/test@1.58.2':
    dependencies:
      playwright: 1.58.2

  fsevents@2.3.2:
    optional: true

  pako@1.0.11: {}

  pdf-lib@1.17.1:
    dependencies:
      '@pdf-lib/standard-fonts': 1.0.0
      '@pdf-lib/upng': 1.0.1
      pako: 1.0.11
      tslib: 1.14.1

  playwright-core@1.58.2: {}

  playwright@1.58.2:
    dependencies:
      playwright-core: 1.58.2
    optionalDependencies:
      fsevents: 2.3.2

  tslib@1.14.1: {}
